
Microsoft Visual Studio Solution File, Format Version 11.00
# Visual Studio 2010
Project("{FAE04EC0-301F-11D3-BF4B-00C04F79EFBC}") = "PrimeFactorizationConsoleApp", "PrimeFactorizationConsoleApp\PrimeFactorizationConsoleApp.csproj", "{B206AB82-5BA9-4D41-BCCE-455AE456FA42}"
EndProject
Project("{FAE04EC0-301F-11D3-BF4B-00C04F79EFBC}") = "FunctionRepository", "FunctionRepository\FunctionRepository.csproj", "{0A3DD784-73E3-4480-BB15-65B8D7A0AD4A}"
EndProject
Project("{FAE04EC0-301F-11D3-BF4B-00C04F79EFBC}") = "PrimeFactorizationGUI", "PrimeFactorizationGUIApp\PrimeFactorizationGUI.csproj", "{2D36BDE9-75AC-41DE-89D7-8F70C5004A9A}"
EndProject
Project("{FAE04EC0-301F-11D3-BF4B-00C04F79EFBC}") = "PrimeFactorizationTestClass", "PrimeFactorizationTestClass\PrimeFactorizationTestClass.csproj", "{E7912943-9747-45EB-82C3-F72E51425978}"
EndProject
Global
	GlobalSection(SolutionConfigurationPlatforms) = preSolution
		Debug|Any CPU = Debug|Any CPU
		Debug|Mixed Platforms = Debug|Mixed Platforms
		Debug|x86 = Debug|x86
		Release|Any CPU = Release|Any CPU
		Release|Mixed Platforms = Release|Mixed Platforms
		Release|x86 = Release|x86
	EndGlobalSection
	GlobalSection(ProjectConfigurationPlatforms) = postSolution
		{B206AB82-5BA9-4D41-BCCE-455AE456FA42}.Debug|Any CPU.ActiveCfg = Debug|x86
		{B206AB82-5BA9-4D41-BCCE-455AE456FA42}.Debug|Mixed Platforms.ActiveCfg = Debug|x86
		{B206AB82-5BA9-4D41-BCCE-455AE456FA42}.Debug|Mixed Platforms.Build.0 = Debug|x86
		{B206AB82-5BA9-4D41-BCCE-455AE456FA42}.Debug|x86.ActiveCfg = Debug|x86
		{B206AB82-5BA9-4D41-BCCE-455AE456FA42}.Debug|x86.Build.0 = Debug|x86
		{B206AB82-5BA9-4D41-BCCE-455AE456FA42}.Release|Any CPU.ActiveCfg = Release|x86
		{B206AB82-5BA9-4D41-BCCE-455AE456FA42}.Release|Mixed Platforms.ActiveCfg = Release|x86
		{B206AB82-5BA9-4D41-BCCE-455AE456FA42}.Release|Mixed Platforms.Build.0 = Release|x86
		{B206AB82-5BA9-4D41-BCCE-455AE456FA42}.Release|x86.ActiveCfg = Release|x86
		{B206AB82-5BA9-4D41-BCCE-455AE456FA42}.Release|x86.Build.0 = Release|x86
		{0A3DD784-73E3-4480-BB15-65B8D7A0AD4A}.Debug|Any CPU.ActiveCfg = Debug|Any CPU
		{0A3DD784-73E3-4480-BB15-65B8D7A0AD4A}.Debug|Any CPU.Build.0 = Debug|Any CPU
		{0A3DD784-73E3-4480-BB15-65B8D7A0AD4A}.Debug|Mixed Platforms.ActiveCfg = Debug|Any CPU
		{0A3DD784-73E3-4480-BB15-65B8D7A0AD4A}.Debug|Mixed Platforms.Build.0 = Debug|Any CPU
		{0A3DD784-73E3-4480-BB15-65B8D7A0AD4A}.Debug|x86.ActiveCfg = Debug|Any CPU
		{0A3DD784-73E3-4480-BB15-65B8D7A0AD4A}.Release|Any CPU.ActiveCfg = Release|Any CPU
		{0A3DD784-73E3-4480-BB15-65B8D7A0AD4A}.Release|Any CPU.Build.0 = Release|Any CPU
		{0A3DD784-73E3-4480-BB15-65B8D7A0AD4A}.Release|Mixed Platforms.ActiveCfg = Release|Any CPU
		{0A3DD784-73E3-4480-BB15-65B8D7A0AD4A}.Release|Mixed Platforms.Build.0 = Release|Any CPU
		{0A3DD784-73E3-4480-BB15-65B8D7A0AD4A}.Release|x86.ActiveCfg = Release|Any CPU
		{2D36BDE9-75AC-41DE-89D7-8F70C5004A9A}.Debug|Any CPU.ActiveCfg = Debug|x86
		{2D36BDE9-75AC-41DE-89D7-8F70C5004A9A}.Debug|Mixed Platforms.ActiveCfg = Debug|x86
		{2D36BDE9-75AC-41DE-89D7-8F70C5004A9A}.Debug|Mixed Platforms.Build.0 = Debug|x86
		{2D36BDE9-75AC-41DE-89D7-8F70C5004A9A}.Debug|x86.ActiveCfg = Debug|x86
		{2D36BDE9-75AC-41DE-89D7-8F70C5004A9A}.Debug|x86.Build.0 = Debug|x86
		{2D36BDE9-75AC-41DE-89D7-8F70C5004A9A}.Release|Any CPU.ActiveCfg = Release|x86
		{2D36BDE9-75AC-41DE-89D7-8F70C5004A9A}.Release|Mixed Platforms.ActiveCfg = Release|x86
		{2D36BDE9-75AC-41DE-89D7-8F70C5004A9A}.Release|Mixed Platforms.Build.0 = Release|x86
		{2D36BDE9-75AC-41DE-89D7-8F70C5004A9A}.Release|x86.ActiveCfg = Release|x86
		{2D36BDE9-75AC-41DE-89D7-8F70C5004A9A}.Release|x86.Build.0 = Release|x86
		{E7912943-9747-45EB-82C3-F72E51425978}.Debug|Any CPU.ActiveCfg = Debug|Any CPU
		{E7912943-9747-45EB-82C3-F72E51425978}.Debug|Any CPU.Build.0 = Debug|Any CPU
		{E7912943-9747-45EB-82C3-F72E51425978}.Debug|Mixed Platforms.ActiveCfg = Debug|Any CPU
		{E7912943-9747-45EB-82C3-F72E51425978}.Debug|Mixed Platforms.Build.0 = Debug|Any CPU
		{E7912943-9747-45EB-82C3-F72E51425978}.Debug|x86.ActiveCfg = Debug|Any CPU
		{E7912943-9747-45EB-82C3-F72E51425978}.Release|Any CPU.ActiveCfg = Release|Any CPU
		{E7912943-9747-45EB-82C3-F72E51425978}.Release|Any CPU.Build.0 = Release|Any CPU
		{E7912943-9747-45EB-82C3-F72E51425978}.Release|Mixed Platforms.ActiveCfg = Release|Any CPU
		{E7912943-9747-45EB-82C3-F72E51425978}.Release|Mixed Platforms.Build.0 = Release|Any CPU
		{E7912943-9747-45EB-82C3-F72E51425978}.Release|x86.ActiveCfg = Release|Any CPU
	EndGlobalSection
	GlobalSection(SolutionProperties) = preSolution
		HideSolutionNode = FALSE
	EndGlobalSection
EndGlobal
