
Microsoft Visual Studio Solution File, Format Version 11.00
# Visual Studio 2010
Project("{FAE04EC0-301F-11D3-BF4B-00C04F79EFBC}") = "TriangleType", "TriangleType\TriangleType.csproj", "{2166F140-D236-4872-A1DA-2946031A9CC1}"
EndProject
Project("{FAE04EC0-301F-11D3-BF4B-00C04F79EFBC}") = "Tests", "Tests\Tests.csproj", "{F73CF46C-E2A8-4BCA-ADC9-C927CE550761}"
EndProject
Project("{FAE04EC0-301F-11D3-BF4B-00C04F79EFBC}") = "FunctionRepository", "FunctionRepository\FunctionRepository.csproj", "{2C6FDF23-6F7F-4947-81FD-735E490F0977}"
EndProject
Global
	GlobalSection(SolutionConfigurationPlatforms) = preSolution
		Debug|Any CPU = Debug|Any CPU
		Debug|Mixed Platforms = Debug|Mixed Platforms
		Debug|x86 = Debug|x86
		Release|Any CPU = Release|Any CPU
		Release|Mixed Platforms = Release|Mixed Platforms
		Release|x86 = Release|x86
	EndGlobalSection
	GlobalSection(ProjectConfigurationPlatforms) = postSolution
		{2166F140-D236-4872-A1DA-2946031A9CC1}.Debug|Any CPU.ActiveCfg = Debug|x86
		{2166F140-D236-4872-A1DA-2946031A9CC1}.Debug|Mixed Platforms.ActiveCfg = Debug|x86
		{2166F140-D236-4872-A1DA-2946031A9CC1}.Debug|Mixed Platforms.Build.0 = Debug|x86
		{2166F140-D236-4872-A1DA-2946031A9CC1}.Debug|x86.ActiveCfg = Debug|x86
		{2166F140-D236-4872-A1DA-2946031A9CC1}.Debug|x86.Build.0 = Debug|x86
		{2166F140-D236-4872-A1DA-2946031A9CC1}.Release|Any CPU.ActiveCfg = Release|x86
		{2166F140-D236-4872-A1DA-2946031A9CC1}.Release|Mixed Platforms.ActiveCfg = Release|x86
		{2166F140-D236-4872-A1DA-2946031A9CC1}.Release|Mixed Platforms.Build.0 = Release|x86
		{2166F140-D236-4872-A1DA-2946031A9CC1}.Release|x86.ActiveCfg = Release|x86
		{2166F140-D236-4872-A1DA-2946031A9CC1}.Release|x86.Build.0 = Release|x86
		{F73CF46C-E2A8-4BCA-ADC9-C927CE550761}.Debug|Any CPU.ActiveCfg = Debug|Any CPU
		{F73CF46C-E2A8-4BCA-ADC9-C927CE550761}.Debug|Any CPU.Build.0 = Debug|Any CPU
		{F73CF46C-E2A8-4BCA-ADC9-C927CE550761}.Debug|Mixed Platforms.ActiveCfg = Debug|Any CPU
		{F73CF46C-E2A8-4BCA-ADC9-C927CE550761}.Debug|Mixed Platforms.Build.0 = Debug|Any CPU
		{F73CF46C-E2A8-4BCA-ADC9-C927CE550761}.Debug|x86.ActiveCfg = Debug|Any CPU
		{F73CF46C-E2A8-4BCA-ADC9-C927CE550761}.Release|Any CPU.ActiveCfg = Release|Any CPU
		{F73CF46C-E2A8-4BCA-ADC9-C927CE550761}.Release|Any CPU.Build.0 = Release|Any CPU
		{F73CF46C-E2A8-4BCA-ADC9-C927CE550761}.Release|Mixed Platforms.ActiveCfg = Release|Any CPU
		{F73CF46C-E2A8-4BCA-ADC9-C927CE550761}.Release|Mixed Platforms.Build.0 = Release|Any CPU
		{F73CF46C-E2A8-4BCA-ADC9-C927CE550761}.Release|x86.ActiveCfg = Release|Any CPU
		{2C6FDF23-6F7F-4947-81FD-735E490F0977}.Debug|Any CPU.ActiveCfg = Debug|Any CPU
		{2C6FDF23-6F7F-4947-81FD-735E490F0977}.Debug|Any CPU.Build.0 = Debug|Any CPU
		{2C6FDF23-6F7F-4947-81FD-735E490F0977}.Debug|Mixed Platforms.ActiveCfg = Debug|Any CPU
		{2C6FDF23-6F7F-4947-81FD-735E490F0977}.Debug|Mixed Platforms.Build.0 = Debug|Any CPU
		{2C6FDF23-6F7F-4947-81FD-735E490F0977}.Debug|x86.ActiveCfg = Debug|Any CPU
		{2C6FDF23-6F7F-4947-81FD-735E490F0977}.Release|Any CPU.ActiveCfg = Release|Any CPU
		{2C6FDF23-6F7F-4947-81FD-735E490F0977}.Release|Any CPU.Build.0 = Release|Any CPU
		{2C6FDF23-6F7F-4947-81FD-735E490F0977}.Release|Mixed Platforms.ActiveCfg = Release|Any CPU
		{2C6FDF23-6F7F-4947-81FD-735E490F0977}.Release|Mixed Platforms.Build.0 = Release|Any CPU
		{2C6FDF23-6F7F-4947-81FD-735E490F0977}.Release|x86.ActiveCfg = Release|Any CPU
	EndGlobalSection
	GlobalSection(SolutionProperties) = preSolution
		HideSolutionNode = FALSE
	EndGlobalSection
EndGlobal
