
Microsoft Visual Studio Solution File, Format Version 11.00
# Visual Studio 2010
Project("{FAE04EC0-301F-11D3-BF4B-00C04F79EFBC}") = "TriangleType", "TriangleType\TriangleType.csproj", "{2166F140-D236-4872-A1DA-2946031A9CC1}"
EndProject
Project("{FAE04EC0-301F-11D3-BF4B-00C04F79EFBC}") = "ArrayProblem", "ArrayProblem\ArrayProblem.csproj", "{20894D25-CEFB-4EB7-915A-D6B32976DD49}"
EndProject
Global
	GlobalSection(SolutionConfigurationPlatforms) = preSolution
		Debug|x86 = Debug|x86
		Release|x86 = Release|x86
	EndGlobalSection
	GlobalSection(ProjectConfigurationPlatforms) = postSolution
		{2166F140-D236-4872-A1DA-2946031A9CC1}.Debug|x86.ActiveCfg = Debug|x86
		{2166F140-D236-4872-A1DA-2946031A9CC1}.Debug|x86.Build.0 = Debug|x86
		{2166F140-D236-4872-A1DA-2946031A9CC1}.Release|x86.ActiveCfg = Release|x86
		{2166F140-D236-4872-A1DA-2946031A9CC1}.Release|x86.Build.0 = Release|x86
		{20894D25-CEFB-4EB7-915A-D6B32976DD49}.Debug|x86.ActiveCfg = Debug|x86
		{20894D25-CEFB-4EB7-915A-D6B32976DD49}.Debug|x86.Build.0 = Debug|x86
		{20894D25-CEFB-4EB7-915A-D6B32976DD49}.Release|x86.ActiveCfg = Release|x86
		{20894D25-CEFB-4EB7-915A-D6B32976DD49}.Release|x86.Build.0 = Release|x86
	EndGlobalSection
	GlobalSection(SolutionProperties) = preSolution
		HideSolutionNode = FALSE
	EndGlobalSection
EndGlobal
